
Microsoft Visual Studio Solution File, Format Version 12.00
# Visual Studio Version 16
VisualStudioVersion = 16.0.29613.14
MinimumVisualStudioVersion = 10.0.40219.1
Project("{9A19103F-16F7-4668-BE54-9A1E7A4F7556}") = "MonoSync", "MonoSync\MonoSync.csproj", "{5A399528-9A80-44FE-A92D-31B0900999EF}"
EndProject
Project("{9A19103F-16F7-4668-BE54-9A1E7A4F7556}") = "MonoSync.Test", "MonoSync.Test\MonoSync.Test.csproj", "{D749EBB4-210D-444E-A6F9-58795C0D6F63}"
EndProject
Project("{9A19103F-16F7-4668-BE54-9A1E7A4F7556}") = "MonoSync.Sample.Tweening", "..\samples\MonoSync.Sample.Tweening\MonoSync.Sample.Tweening.csproj", "{2D41CAFD-80A3-4E80-852F-F8033818063B}"
EndProject
Project("{2150E333-8FDC-42A3-9474-1A3956D46DE8}") = "Samples", "Samples", "{8EA9D25A-88D2-407C-9002-328B19B7A7B3}"
EndProject
Global
	GlobalSection(SolutionConfigurationPlatforms) = preSolution
		Debug|Any CPU = Debug|Any CPU
		Release|Any CPU = Release|Any CPU
	EndGlobalSection
	GlobalSection(ProjectConfigurationPlatforms) = postSolution
		{5A399528-9A80-44FE-A92D-31B0900999EF}.Debug|Any CPU.ActiveCfg = Debug|Any CPU
		{5A399528-9A80-44FE-A92D-31B0900999EF}.Debug|Any CPU.Build.0 = Debug|Any CPU
		{5A399528-9A80-44FE-A92D-31B0900999EF}.Release|Any CPU.ActiveCfg = Release|Any CPU
		{5A399528-9A80-44FE-A92D-31B0900999EF}.Release|Any CPU.Build.0 = Release|Any CPU
		{D749EBB4-210D-444E-A6F9-58795C0D6F63}.Debug|Any CPU.ActiveCfg = Debug|Any CPU
		{D749EBB4-210D-444E-A6F9-58795C0D6F63}.Debug|Any CPU.Build.0 = Debug|Any CPU
		{D749EBB4-210D-444E-A6F9-58795C0D6F63}.Release|Any CPU.ActiveCfg = Release|Any CPU
		{D749EBB4-210D-444E-A6F9-58795C0D6F63}.Release|Any CPU.Build.0 = Release|Any CPU
		{2D41CAFD-80A3-4E80-852F-F8033818063B}.Debug|Any CPU.ActiveCfg = Debug|Any CPU
		{2D41CAFD-80A3-4E80-852F-F8033818063B}.Debug|Any CPU.Build.0 = Debug|Any CPU
		{2D41CAFD-80A3-4E80-852F-F8033818063B}.Release|Any CPU.ActiveCfg = Release|Any CPU
		{2D41CAFD-80A3-4E80-852F-F8033818063B}.Release|Any CPU.Build.0 = Release|Any CPU
	EndGlobalSection
	GlobalSection(SolutionProperties) = preSolution
		HideSolutionNode = FALSE
	EndGlobalSection
	GlobalSection(NestedProjects) = preSolution
		{2D41CAFD-80A3-4E80-852F-F8033818063B} = {8EA9D25A-88D2-407C-9002-328B19B7A7B3}
	EndGlobalSection
	GlobalSection(ExtensibilityGlobals) = postSolution
		SolutionGuid = {75942F88-2D89-44A2-BC43-3D6C68FFB003}
	EndGlobalSection
EndGlobal
